
Microsoft Visual Studio Solution File, Format Version 12.00
# Visual Studio 2013
VisualStudioVersion = 12.0.31101.0
MinimumVisualStudioVersion = 10.0.40219.1
Project("{8BC9CEB8-8B4A-11D0-8D11-00A0C91BC942}") = "DotNetPlug.Native", "DotNetPlug.Native\DotNetPlug.Native.vcxproj", "{BF4BC489-A094-4033-9BAF-41E95457B103}"
	ProjectSection(ProjectDependencies) = postProject
		{52A5E962-163E-4556-B9F0-394B5F5A058B} = {52A5E962-163E-4556-B9F0-394B5F5A058B}
		{B1880063-F267-4310-B04B-BB519A4FAFFA} = {B1880063-F267-4310-B04B-BB519A4FAFFA}
	EndProjectSection
EndProject
Project("{FAE04EC0-301F-11D3-BF4B-00C04F79EFBC}") = "DotNetPlug.Managed", "DotNetPlug.Managed\DotNetPlug.Managed.csproj", "{52A5E962-163E-4556-B9F0-394B5F5A058B}"
EndProject
Project("{2150E333-8FDC-42A3-9474-1A3956D46DE8}") = "Solution Items", "Solution Items", "{2D7A7872-5BEF-467E-9221-A8FFCB8236D8}"
	ProjectSection(SolutionItems) = preProject
		..\dotnetplug.vdf = ..\dotnetplug.vdf
		go = go
		DotNetPlug.Native\Makefile = DotNetPlug.Native\Makefile
		remake = remake
	EndProjectSection
EndProject
Project("{FAE04EC0-301F-11D3-BF4B-00C04F79EFBC}") = "DotNetPlug.Managed.Sample", "DotNetPlug.Managed.Sample\DotNetPlug.Managed.Sample.csproj", "{B1880063-F267-4310-B04B-BB519A4FAFFA}"
EndProject
Global
	GlobalSection(SolutionConfigurationPlatforms) = preSolution
		Debug - Mono|Any CPU = Debug - Mono|Any CPU
		Debug - Mono|Mixed Platforms = Debug - Mono|Mixed Platforms
		Debug - Mono|Win32 = Debug - Mono|Win32
		Debug|Any CPU = Debug|Any CPU
		Debug|Mixed Platforms = Debug|Mixed Platforms
		Debug|Win32 = Debug|Win32
		Release|Any CPU = Release|Any CPU
		Release|Mixed Platforms = Release|Mixed Platforms
		Release|Win32 = Release|Win32
	EndGlobalSection
	GlobalSection(ProjectConfigurationPlatforms) = postSolution
		{BF4BC489-A094-4033-9BAF-41E95457B103}.Debug - Mono|Any CPU.ActiveCfg = Debug - Mono|Win32
		{BF4BC489-A094-4033-9BAF-41E95457B103}.Debug - Mono|Mixed Platforms.ActiveCfg = Debug - Mono|Win32
		{BF4BC489-A094-4033-9BAF-41E95457B103}.Debug - Mono|Mixed Platforms.Build.0 = Debug - Mono|Win32
		{BF4BC489-A094-4033-9BAF-41E95457B103}.Debug - Mono|Win32.ActiveCfg = Debug - Mono|Win32
		{BF4BC489-A094-4033-9BAF-41E95457B103}.Debug - Mono|Win32.Build.0 = Debug - Mono|Win32
		{BF4BC489-A094-4033-9BAF-41E95457B103}.Debug|Any CPU.ActiveCfg = Debug - Bloody Good Time|Win32
		{BF4BC489-A094-4033-9BAF-41E95457B103}.Debug|Mixed Platforms.ActiveCfg = Debug - CS GO|Win32
		{BF4BC489-A094-4033-9BAF-41E95457B103}.Debug|Mixed Platforms.Build.0 = Debug - CS GO|Win32
		{BF4BC489-A094-4033-9BAF-41E95457B103}.Debug|Win32.ActiveCfg = Debug - Bloody Good Time|Win32
		{BF4BC489-A094-4033-9BAF-41E95457B103}.Debug|Win32.Build.0 = Debug - Bloody Good Time|Win32
		{BF4BC489-A094-4033-9BAF-41E95457B103}.Release|Any CPU.ActiveCfg = Release - Orange Box|Win32
		{BF4BC489-A094-4033-9BAF-41E95457B103}.Release|Mixed Platforms.ActiveCfg = Release - CS GO|Win32
		{BF4BC489-A094-4033-9BAF-41E95457B103}.Release|Mixed Platforms.Build.0 = Release - CS GO|Win32
		{BF4BC489-A094-4033-9BAF-41E95457B103}.Release|Win32.ActiveCfg = Release - Orange Box|Win32
		{BF4BC489-A094-4033-9BAF-41E95457B103}.Release|Win32.Build.0 = Release - Orange Box|Win32
		{52A5E962-163E-4556-B9F0-394B5F5A058B}.Debug - Mono|Any CPU.ActiveCfg = Debug|Any CPU
		{52A5E962-163E-4556-B9F0-394B5F5A058B}.Debug - Mono|Any CPU.Build.0 = Debug|Any CPU
		{52A5E962-163E-4556-B9F0-394B5F5A058B}.Debug - Mono|Mixed Platforms.ActiveCfg = Debug|Any CPU
		{52A5E962-163E-4556-B9F0-394B5F5A058B}.Debug - Mono|Mixed Platforms.Build.0 = Debug|Any CPU
		{52A5E962-163E-4556-B9F0-394B5F5A058B}.Debug - Mono|Win32.ActiveCfg = Debug|Any CPU
		{52A5E962-163E-4556-B9F0-394B5F5A058B}.Debug|Any CPU.ActiveCfg = Debug|Any CPU
		{52A5E962-163E-4556-B9F0-394B5F5A058B}.Debug|Any CPU.Build.0 = Debug|Any CPU
		{52A5E962-163E-4556-B9F0-394B5F5A058B}.Debug|Mixed Platforms.ActiveCfg = Debug|Any CPU
		{52A5E962-163E-4556-B9F0-394B5F5A058B}.Debug|Mixed Platforms.Build.0 = Debug|Any CPU
		{52A5E962-163E-4556-B9F0-394B5F5A058B}.Debug|Win32.ActiveCfg = Debug|Any CPU
		{52A5E962-163E-4556-B9F0-394B5F5A058B}.Release|Any CPU.ActiveCfg = Release|Any CPU
		{52A5E962-163E-4556-B9F0-394B5F5A058B}.Release|Any CPU.Build.0 = Release|Any CPU
		{52A5E962-163E-4556-B9F0-394B5F5A058B}.Release|Mixed Platforms.ActiveCfg = Release|Any CPU
		{52A5E962-163E-4556-B9F0-394B5F5A058B}.Release|Mixed Platforms.Build.0 = Release|Any CPU
		{52A5E962-163E-4556-B9F0-394B5F5A058B}.Release|Win32.ActiveCfg = Release|Any CPU
		{B1880063-F267-4310-B04B-BB519A4FAFFA}.Debug - Mono|Any CPU.ActiveCfg = Debug|Any CPU
		{B1880063-F267-4310-B04B-BB519A4FAFFA}.Debug - Mono|Any CPU.Build.0 = Debug|Any CPU
		{B1880063-F267-4310-B04B-BB519A4FAFFA}.Debug - Mono|Mixed Platforms.ActiveCfg = Debug|Any CPU
		{B1880063-F267-4310-B04B-BB519A4FAFFA}.Debug - Mono|Mixed Platforms.Build.0 = Debug|Any CPU
		{B1880063-F267-4310-B04B-BB519A4FAFFA}.Debug - Mono|Win32.ActiveCfg = Debug|Any CPU
		{B1880063-F267-4310-B04B-BB519A4FAFFA}.Debug|Any CPU.ActiveCfg = Debug|Any CPU
		{B1880063-F267-4310-B04B-BB519A4FAFFA}.Debug|Any CPU.Build.0 = Debug|Any CPU
		{B1880063-F267-4310-B04B-BB519A4FAFFA}.Debug|Mixed Platforms.ActiveCfg = Debug|Any CPU
		{B1880063-F267-4310-B04B-BB519A4FAFFA}.Debug|Mixed Platforms.Build.0 = Debug|Any CPU
		{B1880063-F267-4310-B04B-BB519A4FAFFA}.Debug|Win32.ActiveCfg = Debug|Any CPU
		{B1880063-F267-4310-B04B-BB519A4FAFFA}.Release|Any CPU.ActiveCfg = Release|Any CPU
		{B1880063-F267-4310-B04B-BB519A4FAFFA}.Release|Any CPU.Build.0 = Release|Any CPU
		{B1880063-F267-4310-B04B-BB519A4FAFFA}.Release|Mixed Platforms.ActiveCfg = Release|Any CPU
		{B1880063-F267-4310-B04B-BB519A4FAFFA}.Release|Mixed Platforms.Build.0 = Release|Any CPU
		{B1880063-F267-4310-B04B-BB519A4FAFFA}.Release|Win32.ActiveCfg = Release|Any CPU
	EndGlobalSection
	GlobalSection(SolutionProperties) = preSolution
		HideSolutionNode = FALSE
	EndGlobalSection
EndGlobal
